
Microsoft Visual Studio Solution File, Format Version 12.00
# Visual Studio Version 17
VisualStudioVersion = 17.9.34714.143
MinimumVisualStudioVersion = 10.0.40219.1
Project("{FAE04EC0-301F-11D3-BF4B-00C04F79EFBC}") = "LongQuiz_RodriguezBIT21", "LongQuiz_RodriguezBIT21\LongQuiz_RodriguezBIT21.csproj", "{2B7EC544-BCE9-4CA0-BB38-396E73F6854F}"
EndProject
Project("{FAE04EC0-301F-11D3-BF4B-00C04F79EFBC}") = "DataHelper", "DataHelper\DataHelper.csproj", "{330E3351-8B5B-4CBB-AB58-69D25A57EB2C}"
EndProject
Global
	GlobalSection(SolutionConfigurationPlatforms) = preSolution
		Debug|Any CPU = Debug|Any CPU
		Release|Any CPU = Release|Any CPU
	EndGlobalSection
	GlobalSection(ProjectConfigurationPlatforms) = postSolution
		{2B7EC544-BCE9-4CA0-BB38-396E73F6854F}.Debug|Any CPU.ActiveCfg = Debug|Any CPU
		{2B7EC544-BCE9-4CA0-BB38-396E73F6854F}.Debug|Any CPU.Build.0 = Debug|Any CPU
		{2B7EC544-BCE9-4CA0-BB38-396E73F6854F}.Release|Any CPU.ActiveCfg = Release|Any CPU
		{2B7EC544-BCE9-4CA0-BB38-396E73F6854F}.Release|Any CPU.Build.0 = Release|Any CPU
		{330E3351-8B5B-4CBB-AB58-69D25A57EB2C}.Debug|Any CPU.ActiveCfg = Debug|Any CPU
		{330E3351-8B5B-4CBB-AB58-69D25A57EB2C}.Debug|Any CPU.Build.0 = Debug|Any CPU
		{330E3351-8B5B-4CBB-AB58-69D25A57EB2C}.Release|Any CPU.ActiveCfg = Release|Any CPU
		{330E3351-8B5B-4CBB-AB58-69D25A57EB2C}.Release|Any CPU.Build.0 = Release|Any CPU
	EndGlobalSection
	GlobalSection(SolutionProperties) = preSolution
		HideSolutionNode = FALSE
	EndGlobalSection
	GlobalSection(ExtensibilityGlobals) = postSolution
		SolutionGuid = {4990FBD2-BCA9-483C-8290-01FBAC6B304A}
	EndGlobalSection
EndGlobal
