
Microsoft Visual Studio Solution File, Format Version 12.00
# Visual Studio Version 17
VisualStudioVersion = 17.8.34408.163
MinimumVisualStudioVersion = 10.0.40219.1
Project("{FAE04EC0-301F-11D3-BF4B-00C04F79EFBC}") = "WebApp", "WebApp\WebApp.csproj", "{02870B51-FC40-43DF-BC90-BB948F5E14BD}"
EndProject
Global
	GlobalSection(SolutionConfigurationPlatforms) = preSolution
		Debug|Any CPU = Debug|Any CPU
		Release|Any CPU = Release|Any CPU
	EndGlobalSection
	GlobalSection(ProjectConfigurationPlatforms) = postSolution
		{02870B51-FC40-43DF-BC90-BB948F5E14BD}.Debug|Any CPU.ActiveCfg = Debug|Any CPU
		{02870B51-FC40-43DF-BC90-BB948F5E14BD}.Debug|Any CPU.Build.0 = Debug|Any CPU
		{02870B51-FC40-43DF-BC90-BB948F5E14BD}.Release|Any CPU.ActiveCfg = Release|Any CPU
		{02870B51-FC40-43DF-BC90-BB948F5E14BD}.Release|Any CPU.Build.0 = Release|Any CPU
	EndGlobalSection
	GlobalSection(SolutionProperties) = preSolution
		HideSolutionNode = FALSE
	EndGlobalSection
	GlobalSection(ExtensibilityGlobals) = postSolution
		SolutionGuid = {A1EF4EFF-7231-4723-8550-09D3F1B7602D}
	EndGlobalSection
EndGlobal
