
Microsoft Visual Studio Solution File, Format Version 12.00
# Visual Studio Version 17
VisualStudioVersion = 17.8.34525.116
MinimumVisualStudioVersion = 10.0.40219.1
Project("{FAE04EC0-301F-11D3-BF4B-00C04F79EFBC}") = "OOPWebApp_Rodriguez", "OOPWebApp_Rodriguez\OOPWebApp_Rodriguez.csproj", "{7D535DF9-B98E-4E71-82F8-F528511FCFF9}"
EndProject
Project("{FAE04EC0-301F-11D3-BF4B-00C04F79EFBC}") = "MyClassLibrary", "MyClassLibraryy\MyClassLibrary.csproj", "{C8BDF9D9-7872-4146-A78F-49867EB75688}"
EndProject
Global
	GlobalSection(SolutionConfigurationPlatforms) = preSolution
		Debug|Any CPU = Debug|Any CPU
		Release|Any CPU = Release|Any CPU
	EndGlobalSection
	GlobalSection(ProjectConfigurationPlatforms) = postSolution
		{7D535DF9-B98E-4E71-82F8-F528511FCFF9}.Debug|Any CPU.ActiveCfg = Debug|Any CPU
		{7D535DF9-B98E-4E71-82F8-F528511FCFF9}.Debug|Any CPU.Build.0 = Debug|Any CPU
		{7D535DF9-B98E-4E71-82F8-F528511FCFF9}.Release|Any CPU.ActiveCfg = Release|Any CPU
		{7D535DF9-B98E-4E71-82F8-F528511FCFF9}.Release|Any CPU.Build.0 = Release|Any CPU
		{C8BDF9D9-7872-4146-A78F-49867EB75688}.Debug|Any CPU.ActiveCfg = Debug|Any CPU
		{C8BDF9D9-7872-4146-A78F-49867EB75688}.Debug|Any CPU.Build.0 = Debug|Any CPU
		{C8BDF9D9-7872-4146-A78F-49867EB75688}.Release|Any CPU.ActiveCfg = Release|Any CPU
		{C8BDF9D9-7872-4146-A78F-49867EB75688}.Release|Any CPU.Build.0 = Release|Any CPU
	EndGlobalSection
	GlobalSection(SolutionProperties) = preSolution
		HideSolutionNode = FALSE
	EndGlobalSection
	GlobalSection(ExtensibilityGlobals) = postSolution
		SolutionGuid = {14D084D9-D360-4B85-AE46-854AA31997B1}
	EndGlobalSection
EndGlobal
